version = 1
requires-python = ">=3.13"
resolution-markers = [
    "sys_platform != 'linux' and 'freebsd' in sys_platform",
    "sys_platform != 'linux' and 'freebsd' not in sys_platform",
    "sys_platform == 'linux' and 'freebsd' in sys_platform",
    "sys_platform == 'linux' and 'freebsd' not in sys_platform",
]

[[package]]
name = "cffi"
version = "1.17.1"
source = { registry = "https://pypi.org/simple" }
dependencies = [
    { name = "pycparser", marker = "sys_platform != 'linux'" },
]
sdist = { url = "https://files.pythonhosted.org/packages/fc/97/c783634659c2920c3fc70419e3af40972dbaf758daa229a7d6ea6135c90d/cffi-1.17.1.tar.gz", hash = "sha256:1c39c6016c32bc48dd54561950ebd6836e1670f2ae46128f67cf49e789c52824", size = 516621 }
wheels = [
    { url = "https://files.pythonhosted.org/packages/bf/ee/f94057fa6426481d663b88637a9a10e859e492c73d0384514a17d78ee205/cffi-1.17.1-cp313-cp313-win32.whl", hash = "sha256:e03eab0a8677fa80d646b5ddece1cbeaf556c313dcfac435ba11f107ba117b5d", size = 172475 },
    { url = "https://files.pythonhosted.org/packages/7c/fc/6a8cb64e5f0324877d503c854da15d76c1e50eb722e320b15345c4d0c6de/cffi-1.17.1-cp313-cp313-win_amd64.whl", hash = "sha256:f6a16c31041f09ead72d69f583767292f750d24913dadacf5756b966aacb3f1a", size = 182009 },
]

[[package]]
name = "clr-loader"
version = "0.2.6"
source = { registry = "https://pypi.org/simple" }
dependencies = [
    { name = "cffi", marker = "sys_platform != 'linux'" },
]
sdist = { url = "https://files.pythonhosted.org/packages/e1/e6/745f553e29969e7c944bdeed073b93241f84b9471d1ad34d78ab12b49fab/clr_loader-0.2.6.tar.gz", hash = "sha256:019348ae6b6a83c7a406d14537c277cecf7a3a53b263ec342c81ded5845a67ee", size = 44757 }
wheels = [
    { url = "https://files.pythonhosted.org/packages/b3/1a/2801c4e3888aac8fcd4d88d32a1155a778d1c01ca040ae8137d433a39cc6/clr_loader-0.2.6-py3-none-any.whl", hash = "sha256:79bbfee4bf6ac2f4836d89af2c39e0c32dce5d0c062596185aef380f317507a6", size = 51300 },
]

[[package]]
name = "focus"
version = "0.1.0"
source = { virtual = "." }
dependencies = [
    { name = "tcl" },
    { name = "toga" },
]

[package.dev-dependencies]
dev = [
    { name = "mypy" },
    { name = "ruff" },
]

[package.metadata]
requires-dist = [
    { name = "tcl", specifier = ">=0.2" },
    { name = "toga", specifier = ">=0.4.8" },
]

[package.metadata.requires-dev]
dev = [
    { name = "mypy", specifier = ">=1.13.0" },
    { name = "ruff", specifier = ">=0.8.2" },
]

[[package]]
name = "fonttools"
version = "4.55.2"
source = { registry = "https://pypi.org/simple" }
sdist = { url = "https://files.pythonhosted.org/packages/f4/3a/6ab28db8f90c99e6b502436fb642912b590c352d5ba83e0b22b46db209da/fonttools-4.55.2.tar.gz", hash = "sha256:45947e7b3f9673f91df125d375eb57b9a23f2a603f438a1aebf3171bffa7a205", size = 3492954 }
wheels = [
    { url = "https://files.pythonhosted.org/packages/2d/94/f941fa68a1d4a0f2facd5e6476ae91c5683aea7b7cc30d3ef49187cbbc67/fonttools-4.55.2-cp313-cp313-macosx_10_13_universal2.whl", hash = "sha256:10aff204e2edee1d312fa595c06f201adf8d528a3b659cfb34cd47eceaaa6a26", size = 2741975 },
    { url = "https://files.pythonhosted.org/packages/c5/61/00015fe3ccc8171b4d4afb0fa5155064f68948138ef5e1a5ac9cb49082c4/fonttools-4.55.2-cp313-cp313-macosx_10_13_x86_64.whl", hash = "sha256:09fe922a3eff181fd07dd724cdb441fb6b9fc355fd1c0f1aa79aca60faf1fbdd", size = 2280680 },
    { url = "https://files.pythonhosted.org/packages/69/94/c4d8dfe26a971e00e34df99b46e9518425f59918c8993830e904171e21f9/fonttools-4.55.2-py3-none-any.whl", hash = "sha256:8e2d89fbe9b08d96e22c7a81ec04a4e8d8439c31223e2dc6f2f9fc8ff14bdf9f", size = 1100792 },
]

[[package]]
name = "mypy"
version = "1.13.0"
source = { registry = "https://pypi.org/simple" }
dependencies = [
    { name = "mypy-extensions" },
    { name = "typing-extensions" },
]
sdist = { url = "https://files.pythonhosted.org/packages/e8/21/7e9e523537991d145ab8a0a2fd98548d67646dc2aaaf6091c31ad883e7c1/mypy-1.13.0.tar.gz", hash = "sha256:0291a61b6fbf3e6673e3405cfcc0e7650bebc7939659fdca2702958038bd835e", size = 3152532 }
wheels = [
    { url = "https://files.pythonhosted.org/packages/11/bb/ab4cfdc562cad80418f077d8be9b4491ee4fb257440da951b85cbb0a639e/mypy-1.13.0-cp313-cp313-macosx_10_13_x86_64.whl", hash = "sha256:a7b44178c9760ce1a43f544e595d35ed61ac2c3de306599fa59b38a6048e1aa7", size = 11069721 },
    { url = "https://files.pythonhosted.org/packages/59/3b/a393b1607cb749ea2c621def5ba8c58308ff05e30d9dbdc7c15028bca111/mypy-1.13.0-cp313-cp313-macosx_11_0_arm64.whl", hash = "sha256:5d5092efb8516d08440e36626f0153b5006d4088c1d663d88bf79625af3d1d62", size = 10063996 },
    { url = "https://files.pythonhosted.org/packages/d1/1f/6b76be289a5a521bb1caedc1f08e76ff17ab59061007f201a8a18cc514d1/mypy-1.13.0-cp313-cp313-manylinux_2_17_x86_64.manylinux2014_x86_64.manylinux_2_28_x86_64.whl", hash = "sha256:de2904956dac40ced10931ac967ae63c5089bd498542194b436eb097a9f77bc8", size = 12584043 },
    { url = "https://files.pythonhosted.org/packages/a6/83/5a85c9a5976c6f96e3a5a7591aa28b4a6ca3a07e9e5ba0cec090c8b596d6/mypy-1.13.0-cp313-cp313-musllinux_1_1_x86_64.whl", hash = "sha256:7bfd8836970d33c2105562650656b6846149374dc8ed77d98424b40b09340ba7", size = 13036996 },
    { url = "https://files.pythonhosted.org/packages/b4/59/c39a6f752f1f893fccbcf1bdd2aca67c79c842402b5283563d006a67cf76/mypy-1.13.0-cp313-cp313-win_amd64.whl", hash = "sha256:9f73dba9ec77acb86457a8fc04b5239822df0c14a082564737833d2963677dbc", size = 9737709 },
    { url = "https://files.pythonhosted.org/packages/3b/86/72ce7f57431d87a7ff17d442f521146a6585019eb8f4f31b7c02801f78ad/mypy-1.13.0-py3-none-any.whl", hash = "sha256:9c250883f9fd81d212e0952c92dbfcc96fc237f4b7c92f56ac81fd48460b3e5a", size = 2647043 },
]

[[package]]
name = "mypy-extensions"
version = "1.0.0"
source = { registry = "https://pypi.org/simple" }
sdist = { url = "https://files.pythonhosted.org/packages/98/a4/1ab47638b92648243faf97a5aeb6ea83059cc3624972ab6b8d2316078d3f/mypy_extensions-1.0.0.tar.gz", hash = "sha256:75dbf8955dc00442a438fc4d0666508a9a97b6bd41aa2f0ffe9d2f2725af0782", size = 4433 }
wheels = [
    { url = "https://files.pythonhosted.org/packages/2a/e2/5d3f6ada4297caebe1a2add3b126fe800c96f56dbe5d1988a2cbe0b267aa/mypy_extensions-1.0.0-py3-none-any.whl", hash = "sha256:4392f6c0eb8a5668a69e23d168ffa70f0be9ccfd32b5cc2d26a34ae5b844552d", size = 4695 },
]

[[package]]
name = "pycairo"
version = "1.27.0"
source = { registry = "https://pypi.org/simple" }
sdist = { url = "https://files.pythonhosted.org/packages/07/4a/42b26390181a7517718600fa7d98b951da20be982a50cd4afb3d46c2e603/pycairo-1.27.0.tar.gz", hash = "sha256:5cb21e7a00a2afcafea7f14390235be33497a2cce53a98a19389492a60628430", size = 661450 }
wheels = [
    { url = "https://files.pythonhosted.org/packages/93/76/35d2feef50584cb00d2b4d2215337b0bc765508f8856735a41bfedcb4699/pycairo-1.27.0-cp313-cp313-win32.whl", hash = "sha256:01505c138a313df2469f812405963532fc2511fb9bca9bdc8e0ab94c55d1ced8", size = 750001 },
    { url = "https://files.pythonhosted.org/packages/9c/e7/92d6e57deee53229bb8b3f7df6d02c503585be7bdd69cb9e54f34aab089b/pycairo-1.27.0-cp313-cp313-win_amd64.whl", hash = "sha256:b0349d744c068b6644ae23da6ada111c8a8a7e323b56cbce3707cba5bdb474cc", size = 844102 },
]

[[package]]
name = "pycparser"
version = "2.22"
source = { registry = "https://pypi.org/simple" }
sdist = { url = "https://files.pythonhosted.org/packages/1d/b2/31537cf4b1ca988837256c910a668b553fceb8f069bedc4b1c826024b52c/pycparser-2.22.tar.gz", hash = "sha256:491c8be9c040f5390f5bf44a5b07752bd07f56edf992381b05c701439eec10f6", size = 172736 }
wheels = [
    { url = "https://files.pythonhosted.org/packages/13/a3/a812df4e2dd5696d1f351d58b8fe16a405b234ad2886a0dab9183fb78109/pycparser-2.22-py3-none-any.whl", hash = "sha256:c3702b6d3dd8c7abc1afa565d7e63d53a1d0bd86cdc24edd75470f4de499cfcc", size = 117552 },
]

[[package]]
name = "pygobject"
version = "3.50.0"
source = { registry = "https://pypi.org/simple" }
dependencies = [
    { name = "pycairo", marker = "'freebsd' in sys_platform or sys_platform == 'linux'" },
]
sdist = { url = "https://files.pythonhosted.org/packages/2b/58/d34e67a79631177e3c08e7d02b5165147f590171f2cae6769502af5f7f7e/pygobject-3.50.0.tar.gz", hash = "sha256:4500ad3dbf331773d8dedf7212544c999a76fc96b63a91b3dcac1e5925a1d103", size = 1080367 }

[[package]]
name = "pythonnet"
version = "3.0.4"
source = { registry = "https://pypi.org/simple" }
dependencies = [
    { name = "clr-loader", marker = "sys_platform != 'linux'" },
]
sdist = { url = "https://files.pythonhosted.org/packages/67/2e/106522a6cf5c9f14e464193c777f471342ed39fe516b5b51397e1751f625/pythonnet-3.0.4.tar.gz", hash = "sha256:c92fbcfddd16575f7e75a643302271658b606d8557df7f0132ac240e03cc3a8f", size = 238644 }
wheels = [
    { url = "https://files.pythonhosted.org/packages/25/16/d7e23a4c078d5583aebcaba356bd4db74e780ebf9d544ec004c7db06cb10/pythonnet-3.0.4-py3-none-any.whl", hash = "sha256:a63979eb66293368659849e0a7e0c55cc064c153b62cd540b614ac36895cc598", size = 295661 },
]

[[package]]
name = "rubicon-objc"
version = "0.4.9"
source = { registry = "https://pypi.org/simple" }
sdist = { url = "https://files.pythonhosted.org/packages/6d/5f/13512d73208a16c4938622da1c497b14932e2874c0b062d535405d9c6ffb/rubicon_objc-0.4.9.tar.gz", hash = "sha256:3d77a5b2d10cb1e49679aa90b7824b46f67b3fd636229aa4a1b902d24aec6a58", size = 172844 }
wheels = [
    { url = "https://files.pythonhosted.org/packages/0b/e3/f3d12557a4eed94dc88c780e0eac87f04d232d1a4f1beffc3fb0e50dc330/rubicon_objc-0.4.9-py3-none-any.whl", hash = "sha256:c351b3800cf74c8c23f7d534f008fd5de46c63818de7a44de96daffdb3ed8b8c", size = 63022 },
]

[[package]]
name = "ruff"
version = "0.8.2"
source = { registry = "https://pypi.org/simple" }
sdist = { url = "https://files.pythonhosted.org/packages/5e/2b/01245f4f3a727d60bebeacd7ee6d22586c7f62380a2597ddb22c2f45d018/ruff-0.8.2.tar.gz", hash = "sha256:b84f4f414dda8ac7f75075c1fa0b905ac0ff25361f42e6d5da681a465e0f78e5", size = 3349020 }
wheels = [
    { url = "https://files.pythonhosted.org/packages/91/29/366be70216dba1731a00a41f2f030822b0c96c7c4f3b2c0cdce15cbace74/ruff-0.8.2-py3-none-linux_armv6l.whl", hash = "sha256:c49ab4da37e7c457105aadfd2725e24305ff9bc908487a9bf8d548c6dad8bb3d", size = 10530649 },
    { url = "https://files.pythonhosted.org/packages/63/82/a733956540bb388f00df5a3e6a02467b16c0e529132625fe44ce4c5fb9c7/ruff-0.8.2-py3-none-macosx_10_12_x86_64.whl", hash = "sha256:ec016beb69ac16be416c435828be702ee694c0d722505f9c1f35e1b9c0cc1bf5", size = 10274069 },
    { url = "https://files.pythonhosted.org/packages/3d/12/0b3aa14d1d71546c988a28e1b412981c1b80c8a1072e977a2f30c595cc4a/ruff-0.8.2-py3-none-macosx_11_0_arm64.whl", hash = "sha256:f05cdf8d050b30e2ba55c9b09330b51f9f97d36d4673213679b965d25a785f3c", size = 9909400 },
    { url = "https://files.pythonhosted.org/packages/23/08/f9f08cefb7921784c891c4151cce6ed357ff49e84b84978440cffbc87408/ruff-0.8.2-py3-none-manylinux_2_17_aarch64.manylinux2014_aarch64.whl", hash = "sha256:60f578c11feb1d3d257b2fb043ddb47501ab4816e7e221fbb0077f0d5d4e7b6f", size = 10766782 },
    { url = "https://files.pythonhosted.org/packages/e4/71/bf50c321ec179aa420c8ec40adac5ae9cc408d4d37283a485b19a2331ceb/ruff-0.8.2-py3-none-manylinux_2_17_armv7l.manylinux2014_armv7l.whl", hash = "sha256:cbd5cf9b0ae8f30eebc7b360171bd50f59ab29d39f06a670b3e4501a36ba5897", size = 10286316 },
    { url = "https://files.pythonhosted.org/packages/f2/83/c82688a2a6117539aea0ce63fdf6c08e60fe0202779361223bcd7f40bd74/ruff-0.8.2-py3-none-manylinux_2_17_i686.manylinux2014_i686.whl", hash = "sha256:b402ddee3d777683de60ff76da801fa7e5e8a71038f57ee53e903afbcefdaa58", size = 11338270 },
    { url = "https://files.pythonhosted.org/packages/7f/d7/bc6a45e5a22e627640388e703160afb1d77c572b1d0fda8b4349f334fc66/ruff-0.8.2-py3-none-manylinux_2_17_ppc64.manylinux2014_ppc64.whl", hash = "sha256:705832cd7d85605cb7858d8a13d75993c8f3ef1397b0831289109e953d833d29", size = 12058579 },
    { url = "https://files.pythonhosted.org/packages/da/3b/64150c93946ec851e6f1707ff586bb460ca671581380c919698d6a9267dc/ruff-0.8.2-py3-none-manylinux_2_17_ppc64le.manylinux2014_ppc64le.whl", hash = "sha256:32096b41aaf7a5cc095fa45b4167b890e4c8d3fd217603f3634c92a541de7248", size = 11615172 },
    { url = "https://files.pythonhosted.org/packages/e4/9e/cf12b697ea83cfe92ec4509ae414dc4c9b38179cc681a497031f0d0d9a8e/ruff-0.8.2-py3-none-manylinux_2_17_s390x.manylinux2014_s390x.whl", hash = "sha256:e769083da9439508833cfc7c23e351e1809e67f47c50248250ce1ac52c21fb93", size = 12882398 },
    { url = "https://files.pythonhosted.org/packages/a9/27/96d10863accf76a9c97baceac30b0a52d917eb985a8ac058bd4636aeede0/ruff-0.8.2-py3-none-manylinux_2_17_x86_64.manylinux2014_x86_64.whl", hash = "sha256:5fe716592ae8a376c2673fdfc1f5c0c193a6d0411f90a496863c99cd9e2ae25d", size = 11176094 },
    { url = "https://files.pythonhosted.org/packages/eb/10/cd2fd77d4a4e7f03c29351be0f53278a393186b540b99df68beb5304fddd/ruff-0.8.2-py3-none-musllinux_1_2_aarch64.whl", hash = "sha256:81c148825277e737493242b44c5388a300584d73d5774defa9245aaef55448b0", size = 10771884 },
    { url = "https://files.pythonhosted.org/packages/71/5d/beabb2ff18870fc4add05fa3a69a4cb1b1d2d6f83f3cf3ae5ab0d52f455d/ruff-0.8.2-py3-none-musllinux_1_2_armv7l.whl", hash = "sha256:d261d7850c8367704874847d95febc698a950bf061c9475d4a8b7689adc4f7fa", size = 10382535 },
    { url = "https://files.pythonhosted.org/packages/ae/29/6b3fdf3ad3e35b28d87c25a9ff4c8222ad72485ab783936b2b267250d7a7/ruff-0.8.2-py3-none-musllinux_1_2_i686.whl", hash = "sha256:1ca4e3a87496dc07d2427b7dd7ffa88a1e597c28dad65ae6433ecb9f2e4f022f", size = 10886995 },
    { url = "https://files.pythonhosted.org/packages/e9/dc/859d889b4d9356a1a2cdbc1e4a0dda94052bc5b5300098647e51a58c430b/ruff-0.8.2-py3-none-musllinux_1_2_x86_64.whl", hash = "sha256:729850feed82ef2440aa27946ab39c18cb4a8889c1128a6d589ffa028ddcfc22", size = 11220750 },
    { url = "https://files.pythonhosted.org/packages/0b/08/e8f519f61f1d624264bfd6b8829e4c5f31c3c61193bc3cff1f19dbe7626a/ruff-0.8.2-py3-none-win32.whl", hash = "sha256:ac42caaa0411d6a7d9594363294416e0e48fc1279e1b0e948391695db2b3d5b1", size = 8729396 },
    { url = "https://files.pythonhosted.org/packages/f8/d4/ba1c7ab72aba37a2b71fe48ab95b80546dbad7a7f35ea28cf66fc5cea5f6/ruff-0.8.2-py3-none-win_amd64.whl", hash = "sha256:2aae99ec70abf43372612a838d97bfe77d45146254568d94926e8ed5bbb409ea", size = 9594729 },
    { url = "https://files.pythonhosted.org/packages/23/34/db20e12d3db11b8a2a8874258f0f6d96a9a4d631659d54575840557164c8/ruff-0.8.2-py3-none-win_arm64.whl", hash = "sha256:fb88e2a506b70cfbc2de6fae6681c4f944f7dd5f2fe87233a7233d888bad73e8", size = 9035131 },
]

[[package]]
name = "tcl"
version = "0.2"
source = { registry = "https://pypi.org/simple" }
sdist = { url = "https://files.pythonhosted.org/packages/ba/a8/5bc7924d0f23ee33c3ac62442af9cd1531712f5d4d086255b94d06be49fe/Tcl-0.2.tar.gz", hash = "sha256:395f69c382dedf29f88b6cce9114024528fce7f073d7b84eaefa9b608f3ea193", size = 1734 }
wheels = [
    { url = "https://files.pythonhosted.org/packages/47/84/0ed099cffdb343655d95a887b298f046487ca70c22a0a7d0c99f513b320c/Tcl-0.2-py3-none-any.whl", hash = "sha256:482e8147ed4c07563a621ffa5be874574527a9d60f5c3e9917b1f4079c5b27e5", size = 2356 },
]

[[package]]
name = "toga"
version = "0.4.8"
source = { registry = "https://pypi.org/simple" }
dependencies = [
    { name = "toga-android", marker = "sys_platform == 'android'" },
    { name = "toga-cocoa", marker = "sys_platform == 'darwin'" },
    { name = "toga-gtk", marker = "'freebsd' in sys_platform or sys_platform == 'linux'" },
    { name = "toga-ios", marker = "sys_platform == 'ios'" },
    { name = "toga-web", marker = "sys_platform == 'emscripten'" },
    { name = "toga-winforms", marker = "sys_platform == 'win32'" },
]
sdist = { url = "https://files.pythonhosted.org/packages/ff/7a/7119d224e0710ac757f0587913128348fb37afd49003ade9f0d29fb7d2d3/toga-0.4.8.tar.gz", hash = "sha256:c2be09c0a88f664921edff6ab7e1b58b5352813cb1d4b9f0c0a5dc1bf924ea7c", size = 3869 }
wheels = [
    { url = "https://files.pythonhosted.org/packages/84/05/a5474b90902e050afa62f525e69b8548d92091c2ce0f942e21c142117f48/toga-0.4.8-py3-none-any.whl", hash = "sha256:0814a72abb0a9a5f22c32cc9479c55041ec30cdf4b12d73a0017aee58f9a1f00", size = 3306 },
]

[[package]]
name = "toga-android"
version = "0.4.8"
source = { registry = "https://pypi.org/simple" }
dependencies = [
    { name = "toga-core", marker = "sys_platform != 'linux'" },
]
sdist = { url = "https://files.pythonhosted.org/packages/96/79/530421e306b99e663ec824296e8b297fcf94f5d6a3ba2c8368d30eda8da6/toga_android-0.4.8.tar.gz", hash = "sha256:a7af63f9e83c40e94e2c6feffbee397da557ed95b751699274791cc22fbded74", size = 72283 }
wheels = [
    { url = "https://files.pythonhosted.org/packages/c0/f0/76db879f6021058b15afea8aaa05b1a91bff1892844749971b86926163f5/toga_android-0.4.8-py3-none-any.whl", hash = "sha256:a46ffbdd517b1d393adaa940c8e253c3eb5ef16795248d8f3f2a2ee080c41fc6", size = 67446 },
]

[[package]]
name = "toga-cocoa"
version = "0.4.8"
source = { registry = "https://pypi.org/simple" }
dependencies = [
    { name = "fonttools", marker = "sys_platform != 'linux'" },
    { name = "rubicon-objc", marker = "sys_platform != 'linux'" },
    { name = "toga-core", marker = "sys_platform != 'linux'" },
]
sdist = { url = "https://files.pythonhosted.org/packages/26/0d/c2f48881a876decb2a420ced32053892813175b721a0543659feccea7626/toga_cocoa-0.4.8.tar.gz", hash = "sha256:3b8b58806eed8781d1aa1ef4303706e3ce318be7b73931f4ff9b68dc67c37d06", size = 465505 }
wheels = [
    { url = "https://files.pythonhosted.org/packages/9f/9c/084daaf5d0106db55d1e7862f702dd21b106a45d73e6cc9d5ad6de2f917f/toga_cocoa-0.4.8-py3-none-any.whl", hash = "sha256:815368a1a839de656a704fd20ae20b174c703a418a1574bf0089afc8cef21a39", size = 463340 },
]

[[package]]
name = "toga-core"
version = "0.4.8"
source = { registry = "https://pypi.org/simple" }
dependencies = [
    { name = "travertino" },
]
sdist = { url = "https://files.pythonhosted.org/packages/43/3c/083c25846d9cef16ecf2dc2ef07e0a4fd2d7564e8f698977b97fca7b27af/toga_core-0.4.8.tar.gz", hash = "sha256:78088d99a8d8b4efe2758a1db5623491cfc0ea980540f0f882e826d2cb06d7b9", size = 1009571 }
wheels = [
    { url = "https://files.pythonhosted.org/packages/40/3b/99f6fad3cb14fcf4270e89fa87f0656c390b2da68ba991bb601c6a1ca74c/toga_core-0.4.8-py3-none-any.whl", hash = "sha256:f14394094e90e44c9cb488db67f8b217f48babaf6af0adf2c2509d4cb634ef44", size = 139952 },
]

[[package]]
name = "toga-gtk"
version = "0.4.8"
source = { registry = "https://pypi.org/simple" }
dependencies = [
    { name = "pycairo", marker = "'freebsd' in sys_platform or sys_platform == 'linux'" },
    { name = "pygobject", marker = "'freebsd' in sys_platform or sys_platform == 'linux'" },
    { name = "toga-core", marker = "'freebsd' in sys_platform or sys_platform == 'linux'" },
]
sdist = { url = "https://files.pythonhosted.org/packages/37/cc/6451ac1f36328b8efd257891dcdbbd4df39864216f72ed9749b79fd67e84/toga_gtk-0.4.8.tar.gz", hash = "sha256:a077f2d212aeb47bcb1d2c0f2d664f5f44c87b6b6c2b5ee7fd1e688838a482c3", size = 63493 }
wheels = [
    { url = "https://files.pythonhosted.org/packages/bd/8d/c0d9aa9c8df381cc36ae975b483ce23d9aa8225a7576cb7659d4595c5a07/toga_gtk-0.4.8-py3-none-any.whl", hash = "sha256:cbb6f0f0a500a0f8281688b7cf3593a961174d57ce56ca51933dabfa57348af4", size = 60497 },
]

[[package]]
name = "toga-ios"
version = "0.4.8"
source = { registry = "https://pypi.org/simple" }
dependencies = [
    { name = "fonttools", marker = "sys_platform != 'linux'" },
    { name = "rubicon-objc", marker = "sys_platform != 'linux'" },
    { name = "toga-core", marker = "sys_platform != 'linux'" },
]
wheels = [
    { url = "https://files.pythonhosted.org/packages/f0/bc/251e240b3497974a1312fa6825f25320ab3632fda488e9b1b9ee84fecdf8/toga_iOS-0.4.8-py3-none-any.whl", hash = "sha256:66c7da15373fcf532f1434f66fc86ad9094071972ab5cf234d4beca3902e77c6", size = 435652 },
]

[[package]]
name = "toga-web"
version = "0.4.8"
source = { registry = "https://pypi.org/simple" }
dependencies = [
    { name = "toga-core", marker = "sys_platform != 'linux'" },
]
sdist = { url = "https://files.pythonhosted.org/packages/e3/1c/f8f185b7c30055ef33c1aac5149d4e7955cf5af38e2b57a3e36548a67c1b/toga_web-0.4.8.tar.gz", hash = "sha256:8eba5588ac95895e8d5d570176f209aee8d05f5613419836a0e9f9e0daeee715", size = 16209 }
wheels = [
    { url = "https://files.pythonhosted.org/packages/59/dc/c2fe2cc5f47dc7943c4c0eff625df28fd5e4d14c585297e2ba10766a01e0/toga_web-0.4.8-py3-none-any.whl", hash = "sha256:4a33b8b6ebc9223b688c04f08aa258811714d9e3b7b94306f00b483f119b8ce7", size = 19971 },
]

[[package]]
name = "toga-winforms"
version = "0.4.8"
source = { registry = "https://pypi.org/simple" }
dependencies = [
    { name = "pythonnet", marker = "sys_platform != 'linux'" },
    { name = "toga-core", marker = "sys_platform != 'linux'" },
]
sdist = { url = "https://files.pythonhosted.org/packages/08/b7/61dfb951e5f442944cfe441c261f582fd9702d5c9667289518f287636bfc/toga_winforms-0.4.8.tar.gz", hash = "sha256:084131eec510c37f15005243ae051d2745edb738b24efcb02a9bd22fc8bb9293", size = 453770 }
wheels = [
    { url = "https://files.pythonhosted.org/packages/d6/18/35f3fa0f40c87c1766d4d8a818b8088c8cda370aeca75555a7b9b2e90200/toga_winforms-0.4.8-py3-none-any.whl", hash = "sha256:b3a2e07325dfd28f285c2ad171da3796506b664836e972881d77a1eedbbc92de", size = 454170 },
]

[[package]]
name = "travertino"
version = "0.3.0"
source = { registry = "https://pypi.org/simple" }
sdist = { url = "https://files.pythonhosted.org/packages/1f/2d/95f95d193f38ee3925df796e31fdc6747feb2578e379def9416b51960f24/travertino-0.3.0.tar.gz", hash = "sha256:51aa2ddf361ec42c0a70401b52ab0d26293fddb0d9de35555f7489ab8a296e19", size = 30727 }
wheels = [
    { url = "https://files.pythonhosted.org/packages/25/bf/59fd5d89c3b0c5d897862ac83457fe82d934dde52d59a9106df6066e97b2/travertino-0.3.0-py3-none-any.whl", hash = "sha256:f45d8102353f92c2894915e42f939ba4bc1a0be78b02fa54b640c0e674892167", size = 16122 },
]

[[package]]
name = "typing-extensions"
version = "4.12.2"
source = { registry = "https://pypi.org/simple" }
sdist = { url = "https://files.pythonhosted.org/packages/df/db/f35a00659bc03fec321ba8bce9420de607a1d37f8342eee1863174c69557/typing_extensions-4.12.2.tar.gz", hash = "sha256:1a7ead55c7e559dd4dee8856e3a88b41225abfe1ce8df57b7c13915fe121ffb8", size = 85321 }
wheels = [
    { url = "https://files.pythonhosted.org/packages/26/9f/ad63fc0248c5379346306f8668cda6e2e2e9c95e01216d2b8ffd9ff037d0/typing_extensions-4.12.2-py3-none-any.whl", hash = "sha256:04e5ca0351e0f3f85c6853954072df659d0d13fac324d0072316b67d7794700d", size = 37438 },
]
